
Microsoft Visual Studio Solution File, Format Version 12.00
# Visual Studio Version 17
VisualStudioVersion = 17.1.32210.238
MinimumVisualStudioVersion = 10.0.40219.1
Project("{9A19103F-16F7-4668-BE54-9A1E7A4F7556}") = "TravellerGuideApp", "TravellerGuideApp\TravellerGuideApp.csproj", "{1E39D925-D256-467C-A5B3-05C7FB1913CF}"
EndProject
Global
	GlobalSection(SolutionConfigurationPlatforms) = preSolution
		Debug|Any CPU = Debug|Any CPU
		Release|Any CPU = Release|Any CPU
	EndGlobalSection
	GlobalSection(ProjectConfigurationPlatforms) = postSolution
		{1E39D925-D256-467C-A5B3-05C7FB1913CF}.Debug|Any CPU.ActiveCfg = Debug|Any CPU
		{1E39D925-D256-467C-A5B3-05C7FB1913CF}.Debug|Any CPU.Build.0 = Debug|Any CPU
		{1E39D925-D256-467C-A5B3-05C7FB1913CF}.Release|Any CPU.ActiveCfg = Release|Any CPU
		{1E39D925-D256-467C-A5B3-05C7FB1913CF}.Release|Any CPU.Build.0 = Release|Any CPU
	EndGlobalSection
	GlobalSection(SolutionProperties) = preSolution
		HideSolutionNode = FALSE
	EndGlobalSection
	GlobalSection(ExtensibilityGlobals) = postSolution
		SolutionGuid = {CFE23958-272F-4356-83BE-8BBE283E3AEF}
	EndGlobalSection
EndGlobal
